
Microsoft Visual Studio Solution File, Format Version 12.00
# Visual Studio Version 16
VisualStudioVersion = 16.0.28803.202
MinimumVisualStudioVersion = 10.0.40219.1
Project("{FAE04EC0-301F-11D3-BF4B-00C04F79EFBC}") = "ReaperMuteToggler", "ReaperMuteToggler\ReaperMuteToggler.csproj", "{E81042FA-5A70-4DD3-936B-48EDA794F18A}"
EndProject
Global
	GlobalSection(SolutionConfigurationPlatforms) = preSolution
		Debug|Any CPU = Debug|Any CPU
		Release|Any CPU = Release|Any CPU
	EndGlobalSection
	GlobalSection(ProjectConfigurationPlatforms) = postSolution
		{E81042FA-5A70-4DD3-936B-48EDA794F18A}.Debug|Any CPU.ActiveCfg = Debug|Any CPU
		{E81042FA-5A70-4DD3-936B-48EDA794F18A}.Debug|Any CPU.Build.0 = Debug|Any CPU
		{E81042FA-5A70-4DD3-936B-48EDA794F18A}.Release|Any CPU.ActiveCfg = Release|Any CPU
		{E81042FA-5A70-4DD3-936B-48EDA794F18A}.Release|Any CPU.Build.0 = Release|Any CPU
	EndGlobalSection
	GlobalSection(SolutionProperties) = preSolution
		HideSolutionNode = FALSE
	EndGlobalSection
	GlobalSection(ExtensibilityGlobals) = postSolution
		SolutionGuid = {3B197C97-7503-442F-8178-C120375BA862}
	EndGlobalSection
EndGlobal
